
Microsoft Visual Studio Solution File, Format Version 12.00
# Visual Studio Version 17
VisualStudioVersion = 17.12.35527.113
MinimumVisualStudioVersion = 10.0.40219.1
Project("{FAE04EC0-301F-11D3-BF4B-00C04F79EFBC}") = "FrontEnd", "FrontEnd\FrontEnd.csproj", "{87F3DE9A-419D-470E-BF2E-6BF4CDE9989C}"
EndProject
Project("{FAE04EC0-301F-11D3-BF4B-00C04F79EFBC}") = "BackEnd", "BackEnd\BackEnd.csproj", "{EEC0D485-4F88-4F73-941B-A38D72EF5614}"
EndProject
Project("{FAE04EC0-301F-11D3-BF4B-00C04F79EFBC}") = "WPFFrontEnd", "WPFFrontEnd\WPFFrontEnd.csproj", "{39C5679E-D3CF-4FDB-A8FA-FEDB4B3E8EA8}"
EndProject
Global
	GlobalSection(SolutionConfigurationPlatforms) = preSolution
		Debug|Any CPU = Debug|Any CPU
		Release|Any CPU = Release|Any CPU
	EndGlobalSection
	GlobalSection(ProjectConfigurationPlatforms) = postSolution
		{87F3DE9A-419D-470E-BF2E-6BF4CDE9989C}.Debug|Any CPU.ActiveCfg = Debug|Any CPU
		{87F3DE9A-419D-470E-BF2E-6BF4CDE9989C}.Debug|Any CPU.Build.0 = Debug|Any CPU
		{87F3DE9A-419D-470E-BF2E-6BF4CDE9989C}.Release|Any CPU.ActiveCfg = Release|Any CPU
		{87F3DE9A-419D-470E-BF2E-6BF4CDE9989C}.Release|Any CPU.Build.0 = Release|Any CPU
		{EEC0D485-4F88-4F73-941B-A38D72EF5614}.Debug|Any CPU.ActiveCfg = Debug|Any CPU
		{EEC0D485-4F88-4F73-941B-A38D72EF5614}.Debug|Any CPU.Build.0 = Debug|Any CPU
		{EEC0D485-4F88-4F73-941B-A38D72EF5614}.Release|Any CPU.ActiveCfg = Release|Any CPU
		{EEC0D485-4F88-4F73-941B-A38D72EF5614}.Release|Any CPU.Build.0 = Release|Any CPU
		{39C5679E-D3CF-4FDB-A8FA-FEDB4B3E8EA8}.Debug|Any CPU.ActiveCfg = Debug|Any CPU
		{39C5679E-D3CF-4FDB-A8FA-FEDB4B3E8EA8}.Debug|Any CPU.Build.0 = Debug|Any CPU
		{39C5679E-D3CF-4FDB-A8FA-FEDB4B3E8EA8}.Release|Any CPU.ActiveCfg = Release|Any CPU
		{39C5679E-D3CF-4FDB-A8FA-FEDB4B3E8EA8}.Release|Any CPU.Build.0 = Release|Any CPU
	EndGlobalSection
	GlobalSection(SolutionProperties) = preSolution
		HideSolutionNode = FALSE
	EndGlobalSection
EndGlobal
